{
    "_readme": [
        "This file locks the dependencies of your project to a known state",
        "Read more about it at https://getcomposer.org/doc/01-basic-usage.md#composer-lock-the-lock-file",
        "This file is @generated automatically"
    ],
    "content-hash": "e79d955040df260ccbd9ee363d5b914f",
    "packages": [
        {
            "name": "jwilsson/spotify-web-api-php",
            "version": "2.1.0",
            "source": {
                "type": "git",
                "url": "https://github.com/jwilsson/spotify-web-api-php.git",
                "reference": "7a65282e77eaf0efa175109b32d87b64894e196e"
            },
            "dist": {
                "type": "zip",
                "url": "https://api.github.com/repos/jwilsson/spotify-web-api-php/zipball/7a65282e77eaf0efa175109b32d87b64894e196e",
                "reference": "7a65282e77eaf0efa175109b32d87b64894e196e",
                "shasum": ""
            },
            "require": {
                "ext-curl": "*",
                "php": "^7.0"
            },
            "require-dev": {
                "phpunit/phpunit": "^6.0",
                "satooshi/php-coveralls": "dev-master",
                "squizlabs/php_codesniffer": "^3.0"
            },
            "type": "library",
            "autoload": {
                "psr-4": {
                    "SpotifyWebAPI\\": "src/"
                }
            },
            "notification-url": "https://packagist.org/downloads/",
            "license": [
                "MIT"
            ],
            "authors": [
                {
                    "name": "Jonathan Wilsson",
                    "email": "jonathan.wilsson@gmail.com"
                }
            ],
            "description": "A PHP wrapper for Spotify's Web API.",
            "homepage": "http://jwilsson.github.io/spotify-web-api-php/",
            "keywords": [
                "spotify"
            ],
            "time": "2017-12-06T18:22:32+00:00"
        }
    ],
    "packages-dev": [],
    "aliases": [],
    "minimum-stability": "stable",
    "stability-flags": [],
    "prefer-stable": false,
    "prefer-lowest": false,
    "platform": [],
    "platform-dev": []
}
